
Microsoft Visual Studio Solution File, Format Version 12.00
# Visual Studio Version 16
VisualStudioVersion = 16.0.30717.126
MinimumVisualStudioVersion = 10.0.40219.1
Project("{FAE04EC0-301F-11D3-BF4B-00C04F79EFBC}") = "DSA_zapocet_1ls", "DSA_zapocet_1ls.csproj", "{3FB2E048-D0BD-4E32-BCC6-456F54502AF6}"
EndProject
Global
	GlobalSection(SolutionConfigurationPlatforms) = preSolution
		Debug|Any CPU = Debug|Any CPU
		Release|Any CPU = Release|Any CPU
	EndGlobalSection
	GlobalSection(ProjectConfigurationPlatforms) = postSolution
		{3FB2E048-D0BD-4E32-BCC6-456F54502AF6}.Debug|Any CPU.ActiveCfg = Debug|Any CPU
		{3FB2E048-D0BD-4E32-BCC6-456F54502AF6}.Debug|Any CPU.Build.0 = Debug|Any CPU
		{3FB2E048-D0BD-4E32-BCC6-456F54502AF6}.Release|Any CPU.ActiveCfg = Release|Any CPU
		{3FB2E048-D0BD-4E32-BCC6-456F54502AF6}.Release|Any CPU.Build.0 = Release|Any CPU
	EndGlobalSection
	GlobalSection(SolutionProperties) = preSolution
		HideSolutionNode = FALSE
	EndGlobalSection
	GlobalSection(ExtensibilityGlobals) = postSolution
		SolutionGuid = {94C2CE44-18E0-489E-9D85-F011904D964A}
	EndGlobalSection
EndGlobal
